
Microsoft Visual Studio Solution File, Format Version 12.00
# Visual Studio Version 16
VisualStudioVersion = 16.0.31025.194
MinimumVisualStudioVersion = 10.0.40219.1
Project("{FAE04EC0-301F-11D3-BF4B-00C04F79EFBC}") = "EFCoreTutorial2", "EFCoreTutorial2\EFCoreTutorial2.csproj", "{F1D27CA7-22A0-4CEA-AE75-53C0D4AAA53A}"
EndProject
Global
	GlobalSection(SolutionConfigurationPlatforms) = preSolution
		Debug|Any CPU = Debug|Any CPU
		Release|Any CPU = Release|Any CPU
	EndGlobalSection
	GlobalSection(ProjectConfigurationPlatforms) = postSolution
		{F1D27CA7-22A0-4CEA-AE75-53C0D4AAA53A}.Debug|Any CPU.ActiveCfg = Debug|Any CPU
		{F1D27CA7-22A0-4CEA-AE75-53C0D4AAA53A}.Debug|Any CPU.Build.0 = Debug|Any CPU
		{F1D27CA7-22A0-4CEA-AE75-53C0D4AAA53A}.Release|Any CPU.ActiveCfg = Release|Any CPU
		{F1D27CA7-22A0-4CEA-AE75-53C0D4AAA53A}.Release|Any CPU.Build.0 = Release|Any CPU
	EndGlobalSection
	GlobalSection(SolutionProperties) = preSolution
		HideSolutionNode = FALSE
	EndGlobalSection
	GlobalSection(ExtensibilityGlobals) = postSolution
		SolutionGuid = {A7554126-79DE-4879-B473-194F9D331AAA}
	EndGlobalSection
EndGlobal
